
Microsoft Visual Studio Solution File, Format Version 12.00
# Visual Studio Version 17
VisualStudioVersion = 17.8.34525.116
MinimumVisualStudioVersion = 10.0.40219.1
Project("{FAE04EC0-301F-11D3-BF4B-00C04F79EFBC}") = "2-2", "2-2\2-2.csproj", "{FEAB1F09-1633-454D-9CF8-D10098FA7A90}"
EndProject
Global
	GlobalSection(SolutionConfigurationPlatforms) = preSolution
		Debug|Any CPU = Debug|Any CPU
		Release|Any CPU = Release|Any CPU
	EndGlobalSection
	GlobalSection(ProjectConfigurationPlatforms) = postSolution
		{FEAB1F09-1633-454D-9CF8-D10098FA7A90}.Debug|Any CPU.ActiveCfg = Debug|Any CPU
		{FEAB1F09-1633-454D-9CF8-D10098FA7A90}.Debug|Any CPU.Build.0 = Debug|Any CPU
		{FEAB1F09-1633-454D-9CF8-D10098FA7A90}.Release|Any CPU.ActiveCfg = Release|Any CPU
		{FEAB1F09-1633-454D-9CF8-D10098FA7A90}.Release|Any CPU.Build.0 = Release|Any CPU
	EndGlobalSection
	GlobalSection(SolutionProperties) = preSolution
		HideSolutionNode = FALSE
	EndGlobalSection
	GlobalSection(ExtensibilityGlobals) = postSolution
		SolutionGuid = {CE8442D9-D214-4BE8-9D01-52AAAB620785}
	EndGlobalSection
EndGlobal
