
Microsoft Visual Studio Solution File, Format Version 12.00
# Visual Studio Version 17
VisualStudioVersion = 17.14.36401.2 d17.14
MinimumVisualStudioVersion = 10.0.40219.1
Project("{FAE04EC0-301F-11D3-BF4B-00C04F79EFBC}") = "RadioButtonDemo", "RadioButtonDemo\RadioButtonDemo.csproj", "{0BD5042E-9075-4E4A-AB73-28675B996BB9}"
EndProject
Global
	GlobalSection(SolutionConfigurationPlatforms) = preSolution
		Debug|Any CPU = Debug|Any CPU
		Release|Any CPU = Release|Any CPU
	EndGlobalSection
	GlobalSection(ProjectConfigurationPlatforms) = postSolution
		{0BD5042E-9075-4E4A-AB73-28675B996BB9}.Debug|Any CPU.ActiveCfg = Debug|Any CPU
		{0BD5042E-9075-4E4A-AB73-28675B996BB9}.Debug|Any CPU.Build.0 = Debug|Any CPU
		{0BD5042E-9075-4E4A-AB73-28675B996BB9}.Release|Any CPU.ActiveCfg = Release|Any CPU
		{0BD5042E-9075-4E4A-AB73-28675B996BB9}.Release|Any CPU.Build.0 = Release|Any CPU
	EndGlobalSection
	GlobalSection(SolutionProperties) = preSolution
		HideSolutionNode = FALSE
	EndGlobalSection
	GlobalSection(ExtensibilityGlobals) = postSolution
		SolutionGuid = {B9BEAC68-EE46-48C6-B209-0638E40D2188}
	EndGlobalSection
EndGlobal
